
Microsoft Visual Studio Solution File, Format Version 12.00
# Visual Studio Version 17
VisualStudioVersion = 17.8.34525.116
MinimumVisualStudioVersion = 10.0.40219.1
Project("{9A19103F-16F7-4668-BE54-9A1E7A4F7556}") = "MUENTIP", "MUENTIP\MUENTIP.csproj", "{7965257B-21B6-45D4-8AD0-42677A6A8241}"
EndProject
Global
	GlobalSection(SolutionConfigurationPlatforms) = preSolution
		Debug|Any CPU = Debug|Any CPU
		Release|Any CPU = Release|Any CPU
	EndGlobalSection
	GlobalSection(ProjectConfigurationPlatforms) = postSolution
		{7965257B-21B6-45D4-8AD0-42677A6A8241}.Debug|Any CPU.ActiveCfg = Debug|Any CPU
		{7965257B-21B6-45D4-8AD0-42677A6A8241}.Debug|Any CPU.Build.0 = Debug|Any CPU
		{7965257B-21B6-45D4-8AD0-42677A6A8241}.Release|Any CPU.ActiveCfg = Release|Any CPU
		{7965257B-21B6-45D4-8AD0-42677A6A8241}.Release|Any CPU.Build.0 = Release|Any CPU
	EndGlobalSection
	GlobalSection(SolutionProperties) = preSolution
		HideSolutionNode = FALSE
	EndGlobalSection
	GlobalSection(ExtensibilityGlobals) = postSolution
		SolutionGuid = {D47E8F49-5F48-4230-B821-D9C1D317CB30}
	EndGlobalSection
EndGlobal
